// !$*UTF8*$!
{
	archiveVersion = 1;
	classes = {
	};
	objectVersion = 56;
	objects = {

/* Begin PBXBuildFile section */
		B19AC5B62D94A4AF005AD199 /* Proyecto_huertitaApp.swift in Sources */ = {isa = PBXBuildFile; fileRef = B19AC5B52D94A4AF005AD199 /* Proyecto_huertitaApp.swift */; };
		B19AC5B82D94A4AF005AD199 /* ContentView.swift in Sources */ = {isa = PBXBuildFile; fileRef = B19AC5B72D94A4AF005AD199 /* ContentView.swift */; };
		B19AC5BA2D94A4B0005AD199 /* Assets.xcassets in Resources */ = {isa = PBXBuildFile; fileRef = B19AC5B92D94A4B0005AD199 /* Assets.xcassets */; };
		B19AC5BD2D94A4B0005AD199 /* Preview Assets.xcassets in Resources */ = {isa = PBXBuildFile; fileRef = B19AC5BC2D94A4B0005AD199 /* Preview Assets.xcassets */; };
		B19AC5C62D94A5ED005AD199 /* NTarea.swift in Sources */ = {isa = PBXBuildFile; fileRef = B19AC5C52D94A5ED005AD199 /* NTarea.swift */; };
		B19AC5C82D94A632005AD199 /* NListaTareas.swift in Sources */ = {isa = PBXBuildFile; fileRef = B19AC5C72D94A632005AD199 /* NListaTareas.swift */; };
		B19AC5CA2D94A66E005AD199 /* NTareaVista.swift in Sources */ = {isa = PBXBuildFile; fileRef = B19AC5C92D94A66E005AD199 /* NTareaVista.swift */; };
		B19AC5CC2D94A689005AD199 /* NCrearTarea.swift in Sources */ = {isa = PBXBuildFile; fileRef = B19AC5CB2D94A689005AD199 /* NCrearTarea.swift */; };
		B19AC5CE2D94ACA5005AD199 /* PersistenceController.swift in Sources */ = {isa = PBXBuildFile; fileRef = B19AC5CD2D94ACA5005AD199 /* PersistenceController.swift */; };
		B19AC5D02D94AED0005AD199 /* EditarTareaView.swift in Sources */ = {isa = PBXBuildFile; fileRef = B19AC5CF2D94AED0005AD199 /* EditarTareaView.swift */; };
		B19AC5D32D94B1AC005AD199 /* ModeloDeDatos.xcdatamodeld in Sources */ = {isa = PBXBuildFile; fileRef = B19AC5D12D94B1AC005AD199 /* ModeloDeDatos.xcdatamodeld */; };
/* End PBXBuildFile section */

/* Begin PBXFileReference section */
		B19AC5B22D94A4AF005AD199 /* Proyecto huertita.app */ = {isa = PBXFileReference; explicitFileType = wrapper.application; includeInIndex = 0; path = "Proyecto huertita.app"; sourceTree = BUILT_PRODUCTS_DIR; };
		B19AC5B52D94A4AF005AD199 /* Proyecto_huertitaApp.swift */ = {isa = PBXFileReference; lastKnownFileType = sourcecode.swift; path = Proyecto_huertitaApp.swift; sourceTree = "<group>"; };
		B19AC5B72D94A4AF005AD199 /* ContentView.swift */ = {isa = PBXFileReference; lastKnownFileType = sourcecode.swift; path = ContentView.swift; sourceTree = "<group>"; };
		B19AC5B92D94A4B0005AD199 /* Assets.xcassets */ = {isa = PBXFileReference; lastKnownFileType = folder.assetcatalog; path = Assets.xcassets; sourceTree = "<group>"; };
		B19AC5BC2D94A4B0005AD199 /* Preview Assets.xcassets */ = {isa = PBXFileReference; lastKnownFileType = folder.assetcatalog; path = "Preview Assets.xcassets"; sourceTree = "<group>"; };
		B19AC5C52D94A5ED005AD199 /* NTarea.swift */ = {isa = PBXFileReference; lastKnownFileType = sourcecode.swift; path = NTarea.swift; sourceTree = "<group>"; };
		B19AC5C72D94A632005AD199 /* NListaTareas.swift */ = {isa = PBXFileReference; lastKnownFileType = sourcecode.swift; path = NListaTareas.swift; sourceTree = "<group>"; };
		B19AC5C92D94A66E005AD199 /* NTareaVista.swift */ = {isa = PBXFileReference; lastKnownFileType = sourcecode.swift; path = NTareaVista.swift; sourceTree = "<group>"; };
		B19AC5CB2D94A689005AD199 /* NCrearTarea.swift */ = {isa = PBXFileReference; lastKnownFileType = sourcecode.swift; path = NCrearTarea.swift; sourceTree = "<group>"; };
		B19AC5CD2D94ACA5005AD199 /* PersistenceController.swift */ = {isa = PBXFileReference; lastKnownFileType = sourcecode.swift; path = PersistenceController.swift; sourceTree = "<group>"; };
		B19AC5CF2D94AED0005AD199 /* EditarTareaView.swift */ = {isa = PBXFileReference; lastKnownFileType = sourcecode.swift; path = EditarTareaView.swift; sourceTree = "<group>"; };
		B19AC5D22D94B1AC005AD199 /* ModeloDeDatos.xcdatamodel */ = {isa = PBXFileReference; lastKnownFileType = wrapper.xcdatamodel; path = ModeloDeDatos.xcdatamodel; sourceTree = "<group>"; };
/* End PBXFileReference section */

/* Begin PBXFrameworksBuildPhase section */
		B19AC5AF2D94A4AF005AD199 /* Frameworks */ = {
			isa = PBXFrameworksBuildPhase;
			buildActionMask = 2147483647;
			files = (
			);
			runOnlyForDeploymentPostprocessing = 0;
		};
/* End PBXFrameworksBuildPhase section */

/* Begin PBXGroup section */
		B19AC5A92D94A4AF005AD199 = {
			isa = PBXGroup;
			children = (
				B19AC5B42D94A4AF005AD199 /* Proyecto huertita */,
				B19AC5B32D94A4AF005AD199 /* Products */,
			);
			sourceTree = "<group>";
		};
		B19AC5B32D94A4AF005AD199 /* Products */ = {
			isa = PBXGroup;
			children = (
				B19AC5B22D94A4AF005AD199 /* Proyecto huertita.app */,
			);
			name = Products;
			sourceTree = "<group>";
		};
		B19AC5B42D94A4AF005AD199 /* Proyecto huertita */ = {
			isa = PBXGroup;
			children = (
				B19AC5C42D94A5BF005AD199 /* Modelos */,
				B19AC5C32D94A4CA005AD199 /* Vista */,
				B19AC5B52D94A4AF005AD199 /* Proyecto_huertitaApp.swift */,
				B19AC5B72D94A4AF005AD199 /* ContentView.swift */,
				B19AC5B92D94A4B0005AD199 /* Assets.xcassets */,
				B19AC5BB2D94A4B0005AD199 /* Preview Content */,
			);
			path = "Proyecto huertita";
			sourceTree = "<group>";
		};
		B19AC5BB2D94A4B0005AD199 /* Preview Content */ = {
			isa = PBXGroup;
			children = (
				B19AC5BC2D94A4B0005AD199 /* Preview Assets.xcassets */,
			);
			path = "Preview Content";
			sourceTree = "<group>";
		};
		B19AC5C32D94A4CA005AD199 /* Vista */ = {
			isa = PBXGroup;
			children = (
				B19AC5C72D94A632005AD199 /* NListaTareas.swift */,
				B19AC5C92D94A66E005AD199 /* NTareaVista.swift */,
				B19AC5CB2D94A689005AD199 /* NCrearTarea.swift */,
				B19AC5CF2D94AED0005AD199 /* EditarTareaView.swift */,
			);
			path = Vista;
			sourceTree = "<group>";
		};
		B19AC5C42D94A5BF005AD199 /* Modelos */ = {
			isa = PBXGroup;
			children = (
				B19AC5C52D94A5ED005AD199 /* NTarea.swift */,
				B19AC5CD2D94ACA5005AD199 /* PersistenceController.swift */,
				B19AC5D12D94B1AC005AD199 /* ModeloDeDatos.xcdatamodeld */,
			);
			path = Modelos;
			sourceTree = "<group>";
		};
/* End PBXGroup section */

/* Begin PBXNativeTarget section */
		B19AC5B12D94A4AF005AD199 /* Proyecto huertita */ = {
			isa = PBXNativeTarget;
			buildConfigurationList = B19AC5C02D94A4B0005AD199 /* Build configuration list for PBXNativeTarget "Proyecto huertita" */;
			buildPhases = (
				B19AC5AE2D94A4AF005AD199 /* Sources */,
				B19AC5AF2D94A4AF005AD199 /* Frameworks */,
				B19AC5B02D94A4AF005AD199 /* Resources */,
			);
			buildRules = (
			);
			dependencies = (
			);
			name = "Proyecto huertita";
			productName = "Proyecto huertita";
			productReference = B19AC5B22D94A4AF005AD199 /* Proyecto huertita.app */;
			productType = "com.apple.product-type.application";
		};
/* End PBXNativeTarget section */

/* Begin PBXProject section */
		B19AC5AA2D94A4AF005AD199 /* Project object */ = {
			isa = PBXProject;
			attributes = {
				BuildIndependentTargetsInParallel = 1;
				LastSwiftUpdateCheck = 1540;
				LastUpgradeCheck = 1540;
				TargetAttributes = {
					B19AC5B12D94A4AF005AD199 = {
						CreatedOnToolsVersion = 15.4;
					};
				};
			};
			buildConfigurationList = B19AC5AD2D94A4AF005AD199 /* Build configuration list for PBXProject "Proyecto huertita" */;
			compatibilityVersion = "Xcode 14.0";
			developmentRegion = en;
			hasScannedForEncodings = 0;
			knownRegions = (
				en,
				Base,
			);
			mainGroup = B19AC5A92D94A4AF005AD199;
			productRefGroup = B19AC5B32D94A4AF005AD199 /* Products */;
			projectDirPath = "";
			projectRoot = "";
			targets = (
				B19AC5B12D94A4AF005AD199 /* Proyecto huertita */,
			);
		};
/* End PBXProject section */

/* Begin PBXResourcesBuildPhase section */
		B19AC5B02D94A4AF005AD199 /* Resources */ = {
			isa = PBXResourcesBuildPhase;
			buildActionMask = 2147483647;
			files = (
				B19AC5BD2D94A4B0005AD199 /* Preview Assets.xcassets in Resources */,
				B19AC5BA2D94A4B0005AD199 /* Assets.xcassets in Resources */,
			);
			runOnlyForDeploymentPostprocessing = 0;
		};
/* End PBXResourcesBuildPhase section */

/* Begin PBXSourcesBuildPhase section */
		B19AC5AE2D94A4AF005AD199 /* Sources */ = {
			isa = PBXSourcesBuildPhase;
			buildActionMask = 2147483647;
			files = (
				B19AC5CC2D94A689005AD199 /* NCrearTarea.swift in Sources */,
				B19AC5D02D94AED0005AD199 /* EditarTareaView.swift in Sources */,
				B19AC5CE2D94ACA5005AD199 /* PersistenceController.swift in Sources */,
				B19AC5C82D94A632005AD199 /* NListaTareas.swift in Sources */,
				B19AC5B82D94A4AF005AD199 /* ContentView.swift in Sources */,
				B19AC5D32D94B1AC005AD199 /* ModeloDeDatos.xcdatamodeld in Sources */,
				B19AC5CA2D94A66E005AD199 /* NTareaVista.swift in Sources */,
				B19AC5B62D94A4AF005AD199 /* Proyecto_huertitaApp.swift in Sources */,
				B19AC5C62D94A5ED005AD199 /* NTarea.swift in Sources */,
			);
			runOnlyForDeploymentPostprocessing = 0;
		};
/* End PBXSourcesBuildPhase section */

/* Begin XCBuildConfiguration section */
		B19AC5BE2D94A4B0005AD199 /* Debug */ = {
			isa = XCBuildConfiguration;
			buildSettings = {
				ALWAYS_SEARCH_USER_PATHS = NO;
				ASSETCATALOG_COMPILER_GENERATE_SWIFT_ASSET_SYMBOL_EXTENSIONS = YES;
				CLANG_ANALYZER_NONNULL = YES;
				CLANG_ANALYZER_NUMBER_OBJECT_CONVERSION = YES_AGGRESSIVE;
				CLANG_CXX_LANGUAGE_STANDARD = "gnu++20";
				CLANG_ENABLE_MODULES = YES;
				CLANG_ENABLE_OBJC_ARC = YES;
				CLANG_ENABLE_OBJC_WEAK = YES;
				CLANG_WARN_BLOCK_CAPTURE_AUTORELEASING = YES;
				CLANG_WARN_BOOL_CONVERSION = YES;
				CLANG_WARN_COMMA = YES;
				CLANG_WARN_CONSTANT_CONVERSION = YES;
				CLANG_WARN_DEPRECATED_OBJC_IMPLEMENTATIONS = YES;
				CLANG_WARN_DIRECT_OBJC_ISA_USAGE = YES_ERROR;
				CLANG_WARN_DOCUMENTATION_COMMENTS = YES;
				CLANG_WARN_EMPTY_BODY = YES;
				CLANG_WARN_ENUM_CONVERSION = YES;
				CLANG_WARN_INFINITE_RECURSION = YES;
				CLANG_WARN_INT_CONVERSION = YES;
				CLANG_WARN_NON_LITERAL_NULL_CONVERSION = YES;
				CLANG_WARN_OBJC_IMPLICIT_RETAIN_SELF = YES;
				CLANG_WARN_OBJC_LITERAL_CONVERSION = YES;
				CLANG_WARN_OBJC_ROOT_CLASS = YES_ERROR;
				CLANG_WARN_QUOTED_INCLUDE_IN_FRAMEWORK_HEADER = YES;
				CLANG_WARN_RANGE_LOOP_ANALYSIS = YES;
				CLANG_WARN_STRICT_PROTOTYPES = YES;
				CLANG_WARN_SUSPICIOUS_MOVE = YES;
				CLANG_WARN_UNGUARDED_AVAILABILITY = YES_AGGRESSIVE;
				CLANG_WARN_UNREACHABLE_CODE = YES;
				CLANG_WARN__DUPLICATE_METHOD_MATCH = YES;
				COPY_PHASE_STRIP = NO;
				DEBUG_INFORMATION_FORMAT = dwarf;
				ENABLE_STRICT_OBJC_MSGSEND = YES;
				ENABLE_TESTABILITY = YES;
				ENABLE_USER_SCRIPT_SANDBOXING = YES;
				GCC_C_LANGUAGE_STANDARD = gnu17;
				GCC_DYNAMIC_NO_PIC = NO;
				GCC_NO_COMMON_BLOCKS = YES;
				GCC_OPTIMIZATION_LEVEL = 0;
				GCC_PREPROCESSOR_DEFINITIONS = (
					"DEBUG=1",
					"$(inherited)",
				);
				GCC_WARN_64_TO_32_BIT_CONVERSION = YES;
				GCC_WARN_ABOUT_RETURN_TYPE = YES_ERROR;
				GCC_WARN_UNDECLARED_SELECTOR = YES;
				GCC_WARN_UNINITIALIZED_AUTOS = YES_AGGRESSIVE;
				GCC_WARN_UNUSED_FUNCTION = YES;
				GCC_WARN_UNUSED_VARIABLE = YES;
				IPHONEOS_DEPLOYMENT_TARGET = 17.5;
				LOCALIZATION_PREFERS_STRING_CATALOGS = YES;
				MTL_ENABLE_DEBUG_INFO = INCLUDE_SOURCE;
				MTL_FAST_MATH = YES;
				ONLY_ACTIVE_ARCH = YES;
				SDKROOT = iphoneos;
				SWIFT_ACTIVE_COMPILATION_CONDITIONS = "DEBUG $(inherited)";
				SWIFT_OPTIMIZATION_LEVEL = "-Onone";
			};
			name = Debug;
		};
		B19AC5BF2D94A4B0005AD199 /* Release */ = {
			isa = XCBuildConfiguration;
			buildSettings = {
				ALWAYS_SEARCH_USER_PATHS = NO;
				ASSETCATALOG_COMPILER_GENERATE_SWIFT_ASSET_SYMBOL_EXTENSIONS = YES;
				CLANG_ANALYZER_NONNULL = YES;
				CLANG_ANALYZER_NUMBER_OBJECT_CONVERSION = YES_AGGRESSIVE;
				CLANG_CXX_LANGUAGE_STANDARD = "gnu++20";
				CLANG_ENABLE_MODULES = YES;
				CLANG_ENABLE_OBJC_ARC = YES;
				CLANG_ENABLE_OBJC_WEAK = YES;
				CLANG_WARN_BLOCK_CAPTURE_AUTORELEASING = YES;
				CLANG_WARN_BOOL_CONVERSION = YES;
				CLANG_WARN_COMMA = YES;
				CLANG_WARN_CONSTANT_CONVERSION = YES;
				CLANG_WARN_DEPRECATED_OBJC_IMPLEMENTATIONS = YES;
				CLANG_WARN_DIRECT_OBJC_ISA_USAGE = YES_ERROR;
				CLANG_WARN_DOCUMENTATION_COMMENTS = YES;
				CLANG_WARN_EMPTY_BODY = YES;
				CLANG_WARN_ENUM_CONVERSION = YES;
				CLANG_WARN_INFINITE_RECURSION = YES;
				CLANG_WARN_INT_CONVERSION = YES;
				CLANG_WARN_NON_LITERAL_NULL_CONVERSION = YES;
				CLANG_WARN_OBJC_IMPLICIT_RETAIN_SELF = YES;
				CLANG_WARN_OBJC_LITERAL_CONVERSION = YES;
				CLANG_WARN_OBJC_ROOT_CLASS = YES_ERROR;
				CLANG_WARN_QUOTED_INCLUDE_IN_FRAMEWORK_HEADER = YES;
				CLANG_WARN_RANGE_LOOP_ANALYSIS = YES;
				CLANG_WARN_STRICT_PROTOTYPES = YES;
				CLANG_WARN_SUSPICIOUS_MOVE = YES;
				CLANG_WARN_UNGUARDED_AVAILABILITY = YES_AGGRESSIVE;
				CLANG_WARN_UNREACHABLE_CODE = YES;
				CLANG_WARN__DUPLICATE_METHOD_MATCH = YES;
				COPY_PHASE_STRIP = NO;
				DEBUG_INFORMATION_FORMAT = "dwarf-with-dsym";
				ENABLE_NS_ASSERTIONS = NO;
				ENABLE_STRICT_OBJC_MSGSEND = YES;
				ENABLE_USER_SCRIPT_SANDBOXING = YES;
				GCC_C_LANGUAGE_STANDARD = gnu17;
				GCC_NO_COMMON_BLOCKS = YES;
				GCC_WARN_64_TO_32_BIT_CONVERSION = YES;
				GCC_WARN_ABOUT_RETURN_TYPE = YES_ERROR;
				GCC_WARN_UNDECLARED_SELECTOR = YES;
				GCC_WARN_UNINITIALIZED_AUTOS = YES_AGGRESSIVE;
				GCC_WARN_UNUSED_FUNCTION = YES;
				GCC_WARN_UNUSED_VARIABLE = YES;
				IPHONEOS_DEPLOYMENT_TARGET = 17.5;
				LOCALIZATION_PREFERS_STRING_CATALOGS = YES;
				MTL_ENABLE_DEBUG_INFO = NO;
				MTL_FAST_MATH = YES;
				SDKROOT = iphoneos;
				SWIFT_COMPILATION_MODE = wholemodule;
				VALIDATE_PRODUCT = YES;
			};
			name = Release;
		};
		B19AC5C12D94A4B0005AD199 /* Debug */ = {
			isa = XCBuildConfiguration;
			buildSettings = {
				ASSETCATALOG_COMPILER_APPICON_NAME = AppIcon;
				ASSETCATALOG_COMPILER_GLOBAL_ACCENT_COLOR_NAME = AccentColor;
				CODE_SIGN_STYLE = Automatic;
				CURRENT_PROJECT_VERSION = 1;
				DEVELOPMENT_ASSET_PATHS = "\"Proyecto huertita/Preview Content\"";
				ENABLE_PREVIEWS = YES;
				GENERATE_INFOPLIST_FILE = YES;
				INFOPLIST_KEY_UIApplicationSceneManifest_Generation = YES;
				INFOPLIST_KEY_UIApplicationSupportsIndirectInputEvents = YES;
				INFOPLIST_KEY_UILaunchScreen_Generation = YES;
				INFOPLIST_KEY_UISupportedInterfaceOrientations_iPad = "UIInterfaceOrientationPortrait UIInterfaceOrientationPortraitUpsideDown UIInterfaceOrientationLandscapeLeft UIInterfaceOrientationLandscapeRight";
				INFOPLIST_KEY_UISupportedInterfaceOrientations_iPhone = "UIInterfaceOrientationPortrait UIInterfaceOrientationLandscapeLeft UIInterfaceOrientationLandscapeRight";
				LD_RUNPATH_SEARCH_PATHS = (
					"$(inherited)",
					"@executable_path/Frameworks",
				);
				MARKETING_VERSION = 1.0;
				PRODUCT_BUNDLE_IDENTIFIER = "moviles.ues.Proyecto-huertita";
				PRODUCT_NAME = "$(TARGET_NAME)";
				SWIFT_EMIT_LOC_STRINGS = YES;
				SWIFT_VERSION = 5.0;
				TARGETED_DEVICE_FAMILY = "1,2";
			};
			name = Debug;
		};
		B19AC5C22D94A4B0005AD199 /* Release */ = {
			isa = XCBuildConfiguration;
			buildSettings = {
				ASSETCATALOG_COMPILER_APPICON_NAME = AppIcon;
				ASSETCATALOG_COMPILER_GLOBAL_ACCENT_COLOR_NAME = AccentColor;
				CODE_SIGN_STYLE = Automatic;
				CURRENT_PROJECT_VERSION = 1;
				DEVELOPMENT_ASSET_PATHS = "\"Proyecto huertita/Preview Content\"";
				ENABLE_PREVIEWS = YES;
				GENERATE_INFOPLIST_FILE = YES;
				INFOPLIST_KEY_UIApplicationSceneManifest_Generation = YES;
				INFOPLIST_KEY_UIApplicationSupportsIndirectInputEvents = YES;
				INFOPLIST_KEY_UILaunchScreen_Generation = YES;
				INFOPLIST_KEY_UISupportedInterfaceOrientations_iPad = "UIInterfaceOrientationPortrait UIInterfaceOrientationPortraitUpsideDown UIInterfaceOrientationLandscapeLeft UIInterfaceOrientationLandscapeRight";
				INFOPLIST_KEY_UISupportedInterfaceOrientations_iPhone = "UIInterfaceOrientationPortrait UIInterfaceOrientationLandscapeLeft UIInterfaceOrientationLandscapeRight";
				LD_RUNPATH_SEARCH_PATHS = (
					"$(inherited)",
					"@executable_path/Frameworks",
				);
				MARKETING_VERSION = 1.0;
				PRODUCT_BUNDLE_IDENTIFIER = "moviles.ues.Proyecto-huertita";
				PRODUCT_NAME = "$(TARGET_NAME)";
				SWIFT_EMIT_LOC_STRINGS = YES;
				SWIFT_VERSION = 5.0;
				TARGETED_DEVICE_FAMILY = "1,2";
			};
			name = Release;
		};
/* End XCBuildConfiguration section */

/* Begin XCConfigurationList section */
		B19AC5AD2D94A4AF005AD199 /* Build configuration list for PBXProject "Proyecto huertita" */ = {
			isa = XCConfigurationList;
			buildConfigurations = (
				B19AC5BE2D94A4B0005AD199 /* Debug */,
				B19AC5BF2D94A4B0005AD199 /* Release */,
			);
			defaultConfigurationIsVisible = 0;
			defaultConfigurationName = Release;
		};
		B19AC5C02D94A4B0005AD199 /* Build configuration list for PBXNativeTarget "Proyecto huertita" */ = {
			isa = XCConfigurationList;
			buildConfigurations = (
				B19AC5C12D94A4B0005AD199 /* Debug */,
				B19AC5C22D94A4B0005AD199 /* Release */,
			);
			defaultConfigurationIsVisible = 0;
			defaultConfigurationName = Release;
		};
/* End XCConfigurationList section */

/* Begin XCVersionGroup section */
		B19AC5D12D94B1AC005AD199 /* ModeloDeDatos.xcdatamodeld */ = {
			isa = XCVersionGroup;
			children = (
				B19AC5D22D94B1AC005AD199 /* ModeloDeDatos.xcdatamodel */,
			);
			currentVersion = B19AC5D22D94B1AC005AD199 /* ModeloDeDatos.xcdatamodel */;
			name = ModeloDeDatos.xcdatamodeld;
			path = "/Users/martinanduaga/Desktop/Proyecto huertita/Proyecto huertita/Modelos/ModeloDeDatos.xcdatamodeld";
			sourceTree = "<group>";
			versionGroupType = wrapper.xcdatamodel;
		};
/* End XCVersionGroup section */
	};
	rootObject = B19AC5AA2D94A4AF005AD199 /* Project object */;
}
